// !$*UTF8*$!
{
	archiveVersion = 1;
	classes = {
	};
	objectVersion = 50;
	objects = {

/* Begin PBXBuildFile section */
		F2206F5626A6052600AEE46C /* AppDelegate.swift in Sources */ = {isa = PBXBuildFile; fileRef = F2206F5526A6052600AEE46C /* AppDelegate.swift */; };
		F2206F5826A6052600AEE46C /* SceneDelegate.swift in Sources */ = {isa = PBXBuildFile; fileRef = F2206F5726A6052600AEE46C /* SceneDelegate.swift */; };
		F2206F5A26A6052600AEE46C /* ContentView.swift in Sources */ = {isa = PBXBuildFile; fileRef = F2206F5926A6052600AEE46C /* ContentView.swift */; };
		F2206F5C26A6052C00AEE46C /* Assets.xcassets in Resources */ = {isa = PBXBuildFile; fileRef = F2206F5B26A6052C00AEE46C /* Assets.xcassets */; };
		F2206F5F26A6052C00AEE46C /* Preview Assets.xcassets in Resources */ = {isa = PBXBuildFile; fileRef = F2206F5E26A6052C00AEE46C /* Preview Assets.xcassets */; };
		F2206F6226A6052C00AEE46C /* LaunchScreen.storyboard in Resources */ = {isa = PBXBuildFile; fileRef = F2206F6026A6052C00AEE46C /* LaunchScreen.storyboard */; };
		F2206F6B26A60A3100AEE46C /* Yomogi-Regular.ttf in Resources */ = {isa = PBXBuildFile; fileRef = F2206F6A26A60A3100AEE46C /* Yomogi-Regular.ttf */; };
/* End PBXBuildFile section */

/* Begin PBXFileReference section */
		F2206F5226A6052600AEE46C /* MeeCard.app */ = {isa = PBXFileReference; explicitFileType = wrapper.application; includeInIndex = 0; path = MeeCard.app; sourceTree = BUILT_PRODUCTS_DIR; };
		F2206F5526A6052600AEE46C /* AppDelegate.swift */ = {isa = PBXFileReference; lastKnownFileType = sourcecode.swift; path = AppDelegate.swift; sourceTree = "<group>"; };
		F2206F5726A6052600AEE46C /* SceneDelegate.swift */ = {isa = PBXFileReference; lastKnownFileType = sourcecode.swift; path = SceneDelegate.swift; sourceTree = "<group>"; };
		F2206F5926A6052600AEE46C /* ContentView.swift */ = {isa = PBXFileReference; lastKnownFileType = sourcecode.swift; path = ContentView.swift; sourceTree = "<group>"; };
		F2206F5B26A6052C00AEE46C /* Assets.xcassets */ = {isa = PBXFileReference; lastKnownFileType = folder.assetcatalog; path = Assets.xcassets; sourceTree = "<group>"; };
		F2206F5E26A6052C00AEE46C /* Preview Assets.xcassets */ = {isa = PBXFileReference; lastKnownFileType = folder.assetcatalog; path = "Preview Assets.xcassets"; sourceTree = "<group>"; };
		F2206F6126A6052C00AEE46C /* Base */ = {isa = PBXFileReference; lastKnownFileType = file.storyboard; name = Base; path = Base.lproj/LaunchScreen.storyboard; sourceTree = "<group>"; };
		F2206F6326A6052C00AEE46C /* Info.plist */ = {isa = PBXFileReference; lastKnownFileType = text.plist.xml; path = Info.plist; sourceTree = "<group>"; };
		F2206F6A26A60A3100AEE46C /* Yomogi-Regular.ttf */ = {isa = PBXFileReference; lastKnownFileType = file; path = "Yomogi-Regular.ttf"; sourceTree = "<group>"; };
/* End PBXFileReference section */

/* Begin PBXFrameworksBuildPhase section */
		F2206F4F26A6052600AEE46C /* Frameworks */ = {
			isa = PBXFrameworksBuildPhase;
			buildActionMask = 2147483647;
			files = (
			);
			runOnlyForDeploymentPostprocessing = 0;
		};
/* End PBXFrameworksBuildPhase section */

/* Begin PBXGroup section */
		F2206F4926A6052600AEE46C = {
			isa = PBXGroup;
			children = (
				F2206F5426A6052600AEE46C /* MeeCard */,
				F2206F5326A6052600AEE46C /* Products */,
			);
			sourceTree = "<group>";
		};
		F2206F5326A6052600AEE46C /* Products */ = {
			isa = PBXGroup;
			children = (
				F2206F5226A6052600AEE46C /* MeeCard.app */,
			);
			name = Products;
			sourceTree = "<group>";
		};
		F2206F5426A6052600AEE46C /* MeeCard */ = {
			isa = PBXGroup;
			children = (
				F2206F6926A60A0C00AEE46C /* Fonts */,
				F2206F5526A6052600AEE46C /* AppDelegate.swift */,
				F2206F5726A6052600AEE46C /* SceneDelegate.swift */,
				F2206F5926A6052600AEE46C /* ContentView.swift */,
				F2206F5B26A6052C00AEE46C /* Assets.xcassets */,
				F2206F6026A6052C00AEE46C /* LaunchScreen.storyboard */,
				F2206F6326A6052C00AEE46C /* Info.plist */,
				F2206F5D26A6052C00AEE46C /* Preview Content */,
			);
			path = MeeCard;
			sourceTree = "<group>";
		};
		F2206F5D26A6052C00AEE46C /* Preview Content */ = {
			isa = PBXGroup;
			children = (
				F2206F5E26A6052C00AEE46C /* Preview Assets.xcassets */,
			);
			path = "Preview Content";
			sourceTree = "<group>";
		};
		F2206F6926A60A0C00AEE46C /* Fonts */ = {
			isa = PBXGroup;
			children = (
				F2206F6A26A60A3100AEE46C /* Yomogi-Regular.ttf */,
			);
			path = Fonts;
			sourceTree = "<group>";
		};
/* End PBXGroup section */

/* Begin PBXNativeTarget section */
		F2206F5126A6052600AEE46C /* MeeCard */ = {
			isa = PBXNativeTarget;
			buildConfigurationList = F2206F6626A6052C00AEE46C /* Build configuration list for PBXNativeTarget "MeeCard" */;
			buildPhases = (
				F2206F4E26A6052600AEE46C /* Sources */,
				F2206F4F26A6052600AEE46C /* Frameworks */,
				F2206F5026A6052600AEE46C /* Resources */,
			);
			buildRules = (
			);
			dependencies = (
			);
			name = MeeCard;
			productName = MeeCard;
			productReference = F2206F5226A6052600AEE46C /* MeeCard.app */;
			productType = "com.apple.product-type.application";
		};
/* End PBXNativeTarget section */

/* Begin PBXProject section */
		F2206F4A26A6052600AEE46C /* Project object */ = {
			isa = PBXProject;
			attributes = {
				LastSwiftUpdateCheck = 1250;
				LastUpgradeCheck = 1250;
				TargetAttributes = {
					F2206F5126A6052600AEE46C = {
						CreatedOnToolsVersion = 12.5.1;
					};
				};
			};
			buildConfigurationList = F2206F4D26A6052600AEE46C /* Build configuration list for PBXProject "MeeCard" */;
			compatibilityVersion = "Xcode 9.3";
			developmentRegion = en;
			hasScannedForEncodings = 0;
			knownRegions = (
				en,
				Base,
			);
			mainGroup = F2206F4926A6052600AEE46C;
			productRefGroup = F2206F5326A6052600AEE46C /* Products */;
			projectDirPath = "";
			projectRoot = "";
			targets = (
				F2206F5126A6052600AEE46C /* MeeCard */,
			);
		};
/* End PBXProject section */

/* Begin PBXResourcesBuildPhase section */
		F2206F5026A6052600AEE46C /* Resources */ = {
			isa = PBXResourcesBuildPhase;
			buildActionMask = 2147483647;
			files = (
				F2206F6226A6052C00AEE46C /* LaunchScreen.storyboard in Resources */,
				F2206F6B26A60A3100AEE46C /* Yomogi-Regular.ttf in Resources */,
				F2206F5F26A6052C00AEE46C /* Preview Assets.xcassets in Resources */,
				F2206F5C26A6052C00AEE46C /* Assets.xcassets in Resources */,
			);
			runOnlyForDeploymentPostprocessing = 0;
		};
/* End PBXResourcesBuildPhase section */

/* Begin PBXSourcesBuildPhase section */
		F2206F4E26A6052600AEE46C /* Sources */ = {
			isa = PBXSourcesBuildPhase;
			buildActionMask = 2147483647;
			files = (
				F2206F5626A6052600AEE46C /* AppDelegate.swift in Sources */,
				F2206F5826A6052600AEE46C /* SceneDelegate.swift in Sources */,
				F2206F5A26A6052600AEE46C /* ContentView.swift in Sources */,
			);
			runOnlyForDeploymentPostprocessing = 0;
		};
/* End PBXSourcesBuildPhase section */

/* Begin PBXVariantGroup section */
		F2206F6026A6052C00AEE46C /* LaunchScreen.storyboard */ = {
			isa = PBXVariantGroup;
			children = (
				F2206F6126A6052C00AEE46C /* Base */,
			);
			name = LaunchScreen.storyboard;
			sourceTree = "<group>";
		};
/* End PBXVariantGroup section */

/* Begin XCBuildConfiguration section */
		F2206F6426A6052C00AEE46C /* Debug */ = {
			isa = XCBuildConfiguration;
			buildSettings = {
				ALWAYS_SEARCH_USER_PATHS = NO;
				CLANG_ANALYZER_NONNULL = YES;
				CLANG_ANALYZER_NUMBER_OBJECT_CONVERSION = YES_AGGRESSIVE;
				CLANG_CXX_LANGUAGE_STANDARD = "gnu++14";
				CLANG_CXX_LIBRARY = "libc++";
				CLANG_ENABLE_MODULES = YES;
				CLANG_ENABLE_OBJC_ARC = YES;
				CLANG_ENABLE_OBJC_WEAK = YES;
				CLANG_WARN_BLOCK_CAPTURE_AUTORELEASING = YES;
				CLANG_WARN_BOOL_CONVERSION = YES;
				CLANG_WARN_COMMA = YES;
				CLANG_WARN_CONSTANT_CONVERSION = YES;
				CLANG_WARN_DEPRECATED_OBJC_IMPLEMENTATIONS = YES;
				CLANG_WARN_DIRECT_OBJC_ISA_USAGE = YES_ERROR;
				CLANG_WARN_DOCUMENTATION_COMMENTS = YES;
				CLANG_WARN_EMPTY_BODY = YES;
				CLANG_WARN_ENUM_CONVERSION = YES;
				CLANG_WARN_INFINITE_RECURSION = YES;
				CLANG_WARN_INT_CONVERSION = YES;
				CLANG_WARN_NON_LITERAL_NULL_CONVERSION = YES;
				CLANG_WARN_OBJC_IMPLICIT_RETAIN_SELF = YES;
				CLANG_WARN_OBJC_LITERAL_CONVERSION = YES;
				CLANG_WARN_OBJC_ROOT_CLASS = YES_ERROR;
				CLANG_WARN_QUOTED_INCLUDE_IN_FRAMEWORK_HEADER = YES;
				CLANG_WARN_RANGE_LOOP_ANALYSIS = YES;
				CLANG_WARN_STRICT_PROTOTYPES = YES;
				CLANG_WARN_SUSPICIOUS_MOVE = YES;
				CLANG_WARN_UNGUARDED_AVAILABILITY = YES_AGGRESSIVE;
				CLANG_WARN_UNREACHABLE_CODE = YES;
				CLANG_WARN__DUPLICATE_METHOD_MATCH = YES;
				COPY_PHASE_STRIP = NO;
				DEBUG_INFORMATION_FORMAT = dwarf;
				ENABLE_STRICT_OBJC_MSGSEND = YES;
				ENABLE_TESTABILITY = YES;
				GCC_C_LANGUAGE_STANDARD = gnu11;
				GCC_DYNAMIC_NO_PIC = NO;
				GCC_NO_COMMON_BLOCKS = YES;
				GCC_OPTIMIZATION_LEVEL = 0;
				GCC_PREPROCESSOR_DEFINITIONS = (
					"DEBUG=1",
					"$(inherited)",
				);
				GCC_WARN_64_TO_32_BIT_CONVERSION = YES;
				GCC_WARN_ABOUT_RETURN_TYPE = YES_ERROR;
				GCC_WARN_UNDECLARED_SELECTOR = YES;
				GCC_WARN_UNINITIALIZED_AUTOS = YES_AGGRESSIVE;
				GCC_WARN_UNUSED_FUNCTION = YES;
				GCC_WARN_UNUSED_VARIABLE = YES;
				IPHONEOS_DEPLOYMENT_TARGET = 14.5;
				MTL_ENABLE_DEBUG_INFO = INCLUDE_SOURCE;
				MTL_FAST_MATH = YES;
				ONLY_ACTIVE_ARCH = YES;
				SDKROOT = iphoneos;
				SWIFT_ACTIVE_COMPILATION_CONDITIONS = DEBUG;
				SWIFT_OPTIMIZATION_LEVEL = "-Onone";
			};
			name = Debug;
		};
		F2206F6526A6052C00AEE46C /* Release */ = {
			isa = XCBuildConfiguration;
			buildSettings = {
				ALWAYS_SEARCH_USER_PATHS = NO;
				CLANG_ANALYZER_NONNULL = YES;
				CLANG_ANALYZER_NUMBER_OBJECT_CONVERSION = YES_AGGRESSIVE;
				CLANG_CXX_LANGUAGE_STANDARD = "gnu++14";
				CLANG_CXX_LIBRARY = "libc++";
				CLANG_ENABLE_MODULES = YES;
				CLANG_ENABLE_OBJC_ARC = YES;
				CLANG_ENABLE_OBJC_WEAK = YES;
				CLANG_WARN_BLOCK_CAPTURE_AUTORELEASING = YES;
				CLANG_WARN_BOOL_CONVERSION = YES;
				CLANG_WARN_COMMA = YES;
				CLANG_WARN_CONSTANT_CONVERSION = YES;
				CLANG_WARN_DEPRECATED_OBJC_IMPLEMENTATIONS = YES;
				CLANG_WARN_DIRECT_OBJC_ISA_USAGE = YES_ERROR;
				CLANG_WARN_DOCUMENTATION_COMMENTS = YES;
				CLANG_WARN_EMPTY_BODY = YES;
				CLANG_WARN_ENUM_CONVERSION = YES;
				CLANG_WARN_INFINITE_RECURSION = YES;
				CLANG_WARN_INT_CONVERSION = YES;
				CLANG_WARN_NON_LITERAL_NULL_CONVERSION = YES;
				CLANG_WARN_OBJC_IMPLICIT_RETAIN_SELF = YES;
				CLANG_WARN_OBJC_LITERAL_CONVERSION = YES;
				CLANG_WARN_OBJC_ROOT_CLASS = YES_ERROR;
				CLANG_WARN_QUOTED_INCLUDE_IN_FRAMEWORK_HEADER = YES;
				CLANG_WARN_RANGE_LOOP_ANALYSIS = YES;
				CLANG_WARN_STRICT_PROTOTYPES = YES;
				CLANG_WARN_SUSPICIOUS_MOVE = YES;
				CLANG_WARN_UNGUARDED_AVAILABILITY = YES_AGGRESSIVE;
				CLANG_WARN_UNREACHABLE_CODE = YES;
				CLANG_WARN__DUPLICATE_METHOD_MATCH = YES;
				COPY_PHASE_STRIP = NO;
				DEBUG_INFORMATION_FORMAT = "dwarf-with-dsym";
				ENABLE_NS_ASSERTIONS = NO;
				ENABLE_STRICT_OBJC_MSGSEND = YES;
				GCC_C_LANGUAGE_STANDARD = gnu11;
				GCC_NO_COMMON_BLOCKS = YES;
				GCC_WARN_64_TO_32_BIT_CONVERSION = YES;
				GCC_WARN_ABOUT_RETURN_TYPE = YES_ERROR;
				GCC_WARN_UNDECLARED_SELECTOR = YES;
				GCC_WARN_UNINITIALIZED_AUTOS = YES_AGGRESSIVE;
				GCC_WARN_UNUSED_FUNCTION = YES;
				GCC_WARN_UNUSED_VARIABLE = YES;
				IPHONEOS_DEPLOYMENT_TARGET = 14.5;
				MTL_ENABLE_DEBUG_INFO = NO;
				MTL_FAST_MATH = YES;
				SDKROOT = iphoneos;
				SWIFT_COMPILATION_MODE = wholemodule;
				SWIFT_OPTIMIZATION_LEVEL = "-O";
				VALIDATE_PRODUCT = YES;
			};
			name = Release;
		};
		F2206F6726A6052C00AEE46C /* Debug */ = {
			isa = XCBuildConfiguration;
			buildSettings = {
				ASSETCATALOG_COMPILER_APPICON_NAME = AppIcon;
				ASSETCATALOG_COMPILER_GLOBAL_ACCENT_COLOR_NAME = AccentColor;
				CODE_SIGN_STYLE = Automatic;
				DEVELOPMENT_ASSET_PATHS = "\"MeeCard/Preview Content\"";
				ENABLE_PREVIEWS = YES;
				INFOPLIST_FILE = MeeCard/Info.plist;
				LD_RUNPATH_SEARCH_PATHS = (
					"$(inherited)",
					"@executable_path/Frameworks",
				);
				PRODUCT_BUNDLE_IDENTIFIER = AndreYamasaki.MeeCard;
				PRODUCT_NAME = "$(TARGET_NAME)";
				SWIFT_VERSION = 5.0;
				TARGETED_DEVICE_FAMILY = "1,2";
			};
			name = Debug;
		};
		F2206F6826A6052C00AEE46C /* Release */ = {
			isa = XCBuildConfiguration;
			buildSettings = {
				ASSETCATALOG_COMPILER_APPICON_NAME = AppIcon;
				ASSETCATALOG_COMPILER_GLOBAL_ACCENT_COLOR_NAME = AccentColor;
				CODE_SIGN_STYLE = Automatic;
				DEVELOPMENT_ASSET_PATHS = "\"MeeCard/Preview Content\"";
				ENABLE_PREVIEWS = YES;
				INFOPLIST_FILE = MeeCard/Info.plist;
				LD_RUNPATH_SEARCH_PATHS = (
					"$(inherited)",
					"@executable_path/Frameworks",
				);
				PRODUCT_BUNDLE_IDENTIFIER = AndreYamasaki.MeeCard;
				PRODUCT_NAME = "$(TARGET_NAME)";
				SWIFT_VERSION = 5.0;
				TARGETED_DEVICE_FAMILY = "1,2";
			};
			name = Release;
		};
/* End XCBuildConfiguration section */

/* Begin XCConfigurationList section */
		F2206F4D26A6052600AEE46C /* Build configuration list for PBXProject "MeeCard" */ = {
			isa = XCConfigurationList;
			buildConfigurations = (
				F2206F6426A6052C00AEE46C /* Debug */,
				F2206F6526A6052C00AEE46C /* Release */,
			);
			defaultConfigurationIsVisible = 0;
			defaultConfigurationName = Release;
		};
		F2206F6626A6052C00AEE46C /* Build configuration list for PBXNativeTarget "MeeCard" */ = {
			isa = XCConfigurationList;
			buildConfigurations = (
				F2206F6726A6052C00AEE46C /* Debug */,
				F2206F6826A6052C00AEE46C /* Release */,
			);
			defaultConfigurationIsVisible = 0;
			defaultConfigurationName = Release;
		};
/* End XCConfigurationList section */
	};
	rootObject = F2206F4A26A6052600AEE46C /* Project object */;
}
